
Microsoft Visual Studio Solution File, Format Version 12.00
Project("{FAE04EC0-301F-11D3-BF4B-00C04F79EFBC}") = "Assignment3", "Assignment3.csproj", "{11787531-330D-452E-98E8-936527029D4A}"
EndProject
Project("{FAE04EC0-301F-11D3-BF4B-00C04F79EFBC}") = "FibonacciSequence", "FibonacciSequence\FibonacciSequence.csproj", "{6CE83B60-5144-4660-9530-0576D77C3F43}"
EndProject
Global
	GlobalSection(SolutionConfigurationPlatforms) = preSolution
		Debug|Any CPU = Debug|Any CPU
		Release|Any CPU = Release|Any CPU
	EndGlobalSection
	GlobalSection(ProjectConfigurationPlatforms) = postSolution
		{11787531-330D-452E-98E8-936527029D4A}.Debug|Any CPU.ActiveCfg = Debug|Any CPU
		{11787531-330D-452E-98E8-936527029D4A}.Debug|Any CPU.Build.0 = Debug|Any CPU
		{11787531-330D-452E-98E8-936527029D4A}.Release|Any CPU.ActiveCfg = Release|Any CPU
		{11787531-330D-452E-98E8-936527029D4A}.Release|Any CPU.Build.0 = Release|Any CPU
		{6CE83B60-5144-4660-9530-0576D77C3F43}.Debug|Any CPU.ActiveCfg = Debug|Any CPU
		{6CE83B60-5144-4660-9530-0576D77C3F43}.Debug|Any CPU.Build.0 = Debug|Any CPU
		{6CE83B60-5144-4660-9530-0576D77C3F43}.Release|Any CPU.ActiveCfg = Release|Any CPU
		{6CE83B60-5144-4660-9530-0576D77C3F43}.Release|Any CPU.Build.0 = Release|Any CPU
	EndGlobalSection
EndGlobal
